github.com/gophercises/link v0.0.0-20190722124937-f605b2e9978a h1:rpzxcqOVxh3ZovY6lYi04U0UOhEy9u949c/oEulBACk=
github.com/gophercises/link v0.0.0-20190722124937-f605b2e9978a/go.mod h1:n63lFrrYe9kwYBozpiLNqthsxPSLp8rz/q0jC53qpxo=
golang.org/x/net v0.42.0 h1:jzkYrhi3YQWD6MLBJcsklgQsoAcw89EcZbJw8Z614hs=
golang.org/x/net v0.42.0/go.mod h1:FF1RA5d3u7nAYA4z2TkclSCKh68eSXtiFwcWQpPXdt8=
